
Microsoft Visual Studio Solution File, Format Version 12.00
# Visual Studio 15
VisualStudioVersion = 15.0.26403.0
MinimumVisualStudioVersion = 10.0.40219.1
Project("{2150E333-8FDC-42A3-9474-1A3956D46DE8}") = "Library", "Library", "{82BCF5A2-8B5B-408F-B861-6D3DD522491C}"
EndProject
Project("{2150E333-8FDC-42A3-9474-1A3956D46DE8}") = "Presentation", "Presentation", "{E311ADA2-9737-4493-AD05-A149F6C29790}"
EndProject
Project("{2150E333-8FDC-42A3-9474-1A3956D46DE8}") = "Test", "Test", "{0BA45F91-66DC-4338-B23C-8FE3CA4B1AD6}"
EndProject
Project("{2150E333-8FDC-42A3-9474-1A3956D46DE8}") = "WebApi", "WebApi", "{C067DEA2-DE36-4D8F-A0F5-3DE232B12DAC}"
EndProject
Project("{FAE04EC0-301F-11D3-BF4B-00C04F79EFBC}") = "Nois.Core", "Library\Nois.Core\Nois.Core.csproj", "{A48205E7-DFB1-4AC9-A5B9-46D62066E0AF}"
EndProject
Project("{FAE04EC0-301F-11D3-BF4B-00C04F79EFBC}") = "Nois.Services", "Library\Nois.Services\Nois.Services.csproj", "{CBA3B5EC-14C5-45EF-83C4-CF7FFF5FC7EC}"
EndProject
Project("{FAE04EC0-301F-11D3-BF4B-00C04F79EFBC}") = "Nois.Api", "Presentation\WebApi\Nois.Api\Nois.Api.csproj", "{D014A280-3ECA-41E0-87C1-EF78B90C9126}"
EndProject
Project("{FAE04EC0-301F-11D3-BF4B-00C04F79EFBC}") = "TestApi", "Test\TestApis\TestApi.csproj", "{674AE7BE-2BCF-46AC-89BE-3F926BC12CC8}"
EndProject
Project("{2150E333-8FDC-42A3-9474-1A3956D46DE8}") = "Framework", "Framework", "{D09433F6-6092-450F-BD43-FBA8CC7ECD00}"
EndProject
Project("{FAE04EC0-301F-11D3-BF4B-00C04F79EFBC}") = "Nois.Framework", "..\Framework\Nois.Framework\Nois.Framework.csproj", "{06DCACA9-0F9F-452B-B44C-34EC8B8CDEA6}"
EndProject
Project("{FAE04EC0-301F-11D3-BF4B-00C04F79EFBC}") = "Nois.Helper", "..\Framework\Nois.Helper\Nois.Helper.csproj", "{AA263E53-C37C-43F9-8805-3EDC6474BCFE}"
EndProject
Project("{FAE04EC0-301F-11D3-BF4B-00C04F79EFBC}") = "Nois.WebApi.Framework", "..\Framework\Nois.WebApi.Framework\Nois.WebApi.Framework.csproj", "{11EED9F3-3077-48FD-B368-7186A84C108D}"
EndProject
Project("{FAE04EC0-301F-11D3-BF4B-00C04F79EFBC}") = "Nois.WpfApp.Framework", "..\Framework\Nois.WpfApp.Framework\Nois.WpfApp.Framework.csproj", "{D3EDCAD4-4D42-47CF-B15F-7AD021DE0600}"
EndProject
Global
	GlobalSection(SolutionConfigurationPlatforms) = preSolution
		Debug|Any CPU = Debug|Any CPU
		Release|Any CPU = Release|Any CPU
	EndGlobalSection
	GlobalSection(ProjectConfigurationPlatforms) = postSolution
		{A48205E7-DFB1-4AC9-A5B9-46D62066E0AF}.Debug|Any CPU.ActiveCfg = Debug|Any CPU
		{A48205E7-DFB1-4AC9-A5B9-46D62066E0AF}.Debug|Any CPU.Build.0 = Debug|Any CPU
		{A48205E7-DFB1-4AC9-A5B9-46D62066E0AF}.Release|Any CPU.ActiveCfg = Release|Any CPU
		{A48205E7-DFB1-4AC9-A5B9-46D62066E0AF}.Release|Any CPU.Build.0 = Release|Any CPU
		{CBA3B5EC-14C5-45EF-83C4-CF7FFF5FC7EC}.Debug|Any CPU.ActiveCfg = Debug|Any CPU
		{CBA3B5EC-14C5-45EF-83C4-CF7FFF5FC7EC}.Debug|Any CPU.Build.0 = Debug|Any CPU
		{CBA3B5EC-14C5-45EF-83C4-CF7FFF5FC7EC}.Release|Any CPU.ActiveCfg = Release|Any CPU
		{CBA3B5EC-14C5-45EF-83C4-CF7FFF5FC7EC}.Release|Any CPU.Build.0 = Release|Any CPU
		{D014A280-3ECA-41E0-87C1-EF78B90C9126}.Debug|Any CPU.ActiveCfg = Debug|Any CPU
		{D014A280-3ECA-41E0-87C1-EF78B90C9126}.Debug|Any CPU.Build.0 = Debug|Any CPU
		{D014A280-3ECA-41E0-87C1-EF78B90C9126}.Release|Any CPU.ActiveCfg = Release|Any CPU
		{D014A280-3ECA-41E0-87C1-EF78B90C9126}.Release|Any CPU.Build.0 = Release|Any CPU
		{674AE7BE-2BCF-46AC-89BE-3F926BC12CC8}.Debug|Any CPU.ActiveCfg = Debug|Any CPU
		{674AE7BE-2BCF-46AC-89BE-3F926BC12CC8}.Debug|Any CPU.Build.0 = Debug|Any CPU
		{674AE7BE-2BCF-46AC-89BE-3F926BC12CC8}.Release|Any CPU.ActiveCfg = Release|Any CPU
		{674AE7BE-2BCF-46AC-89BE-3F926BC12CC8}.Release|Any CPU.Build.0 = Release|Any CPU
		{06DCACA9-0F9F-452B-B44C-34EC8B8CDEA6}.Debug|Any CPU.ActiveCfg = Debug|Any CPU
		{06DCACA9-0F9F-452B-B44C-34EC8B8CDEA6}.Debug|Any CPU.Build.0 = Debug|Any CPU
		{06DCACA9-0F9F-452B-B44C-34EC8B8CDEA6}.Release|Any CPU.ActiveCfg = Release|Any CPU
		{06DCACA9-0F9F-452B-B44C-34EC8B8CDEA6}.Release|Any CPU.Build.0 = Release|Any CPU
		{AA263E53-C37C-43F9-8805-3EDC6474BCFE}.Debug|Any CPU.ActiveCfg = Debug|Any CPU
		{AA263E53-C37C-43F9-8805-3EDC6474BCFE}.Debug|Any CPU.Build.0 = Debug|Any CPU
		{AA263E53-C37C-43F9-8805-3EDC6474BCFE}.Release|Any CPU.ActiveCfg = Release|Any CPU
		{AA263E53-C37C-43F9-8805-3EDC6474BCFE}.Release|Any CPU.Build.0 = Release|Any CPU
		{11EED9F3-3077-48FD-B368-7186A84C108D}.Debug|Any CPU.ActiveCfg = Debug|Any CPU
		{11EED9F3-3077-48FD-B368-7186A84C108D}.Debug|Any CPU.Build.0 = Debug|Any CPU
		{11EED9F3-3077-48FD-B368-7186A84C108D}.Release|Any CPU.ActiveCfg = Release|Any CPU
		{11EED9F3-3077-48FD-B368-7186A84C108D}.Release|Any CPU.Build.0 = Release|Any CPU
		{D3EDCAD4-4D42-47CF-B15F-7AD021DE0600}.Debug|Any CPU.ActiveCfg = Debug|Any CPU
		{D3EDCAD4-4D42-47CF-B15F-7AD021DE0600}.Debug|Any CPU.Build.0 = Debug|Any CPU
		{D3EDCAD4-4D42-47CF-B15F-7AD021DE0600}.Release|Any CPU.ActiveCfg = Release|Any CPU
		{D3EDCAD4-4D42-47CF-B15F-7AD021DE0600}.Release|Any CPU.Build.0 = Release|Any CPU
	EndGlobalSection
	GlobalSection(SolutionProperties) = preSolution
		HideSolutionNode = FALSE
	EndGlobalSection
	GlobalSection(NestedProjects) = preSolution
		{C067DEA2-DE36-4D8F-A0F5-3DE232B12DAC} = {E311ADA2-9737-4493-AD05-A149F6C29790}
		{A48205E7-DFB1-4AC9-A5B9-46D62066E0AF} = {82BCF5A2-8B5B-408F-B861-6D3DD522491C}
		{CBA3B5EC-14C5-45EF-83C4-CF7FFF5FC7EC} = {82BCF5A2-8B5B-408F-B861-6D3DD522491C}
		{D014A280-3ECA-41E0-87C1-EF78B90C9126} = {C067DEA2-DE36-4D8F-A0F5-3DE232B12DAC}
		{674AE7BE-2BCF-46AC-89BE-3F926BC12CC8} = {0BA45F91-66DC-4338-B23C-8FE3CA4B1AD6}
		{06DCACA9-0F9F-452B-B44C-34EC8B8CDEA6} = {D09433F6-6092-450F-BD43-FBA8CC7ECD00}
		{AA263E53-C37C-43F9-8805-3EDC6474BCFE} = {D09433F6-6092-450F-BD43-FBA8CC7ECD00}
		{11EED9F3-3077-48FD-B368-7186A84C108D} = {D09433F6-6092-450F-BD43-FBA8CC7ECD00}
		{D3EDCAD4-4D42-47CF-B15F-7AD021DE0600} = {D09433F6-6092-450F-BD43-FBA8CC7ECD00}
	EndGlobalSection
	GlobalSection(ExtensibilityGlobals) = postSolution
		SolutionGuid = {75D8E2D3-D701-4AB9-B09B-83D9FE660B21}
	EndGlobalSection
EndGlobal
